
Microsoft Visual Studio Solution File, Format Version 12.00
# Visual Studio Version 16
VisualStudioVersion = 16.0.31424.327
MinimumVisualStudioVersion = 10.0.40219.1
Project("{FAE04EC0-301F-11D3-BF4B-00C04F79EFBC}") = "ConsoleAppGuy", "ConsoleAppGuy\ConsoleAppGuy.csproj", "{90516263-F1A2-404A-821B-53B67DA82E31}"
EndProject
Global
	GlobalSection(SolutionConfigurationPlatforms) = preSolution
		Debug|Any CPU = Debug|Any CPU
		Release|Any CPU = Release|Any CPU
	EndGlobalSection
	GlobalSection(ProjectConfigurationPlatforms) = postSolution
		{90516263-F1A2-404A-821B-53B67DA82E31}.Debug|Any CPU.ActiveCfg = Debug|Any CPU
		{90516263-F1A2-404A-821B-53B67DA82E31}.Debug|Any CPU.Build.0 = Debug|Any CPU
		{90516263-F1A2-404A-821B-53B67DA82E31}.Release|Any CPU.ActiveCfg = Release|Any CPU
		{90516263-F1A2-404A-821B-53B67DA82E31}.Release|Any CPU.Build.0 = Release|Any CPU
	EndGlobalSection
	GlobalSection(SolutionProperties) = preSolution
		HideSolutionNode = FALSE
	EndGlobalSection
	GlobalSection(ExtensibilityGlobals) = postSolution
		SolutionGuid = {4C73E517-05D7-430B-A05E-441F1B9FA8AE}
	EndGlobalSection
EndGlobal
