
Microsoft Visual Studio Solution File, Format Version 12.00
# Visual Studio Version 16
VisualStudioVersion = 16.0.31424.327
MinimumVisualStudioVersion = 10.0.40219.1
Project("{FAE04EC0-301F-11D3-BF4B-00C04F79EFBC}") = "GuyCash", "GuyCash\GuyCash.csproj", "{18B9D16A-408E-4B53-B63E-CD47C3F3AEFA}"
EndProject
Global
	GlobalSection(SolutionConfigurationPlatforms) = preSolution
		Debug|Any CPU = Debug|Any CPU
		Release|Any CPU = Release|Any CPU
	EndGlobalSection
	GlobalSection(ProjectConfigurationPlatforms) = postSolution
		{18B9D16A-408E-4B53-B63E-CD47C3F3AEFA}.Debug|Any CPU.ActiveCfg = Debug|Any CPU
		{18B9D16A-408E-4B53-B63E-CD47C3F3AEFA}.Debug|Any CPU.Build.0 = Debug|Any CPU
		{18B9D16A-408E-4B53-B63E-CD47C3F3AEFA}.Release|Any CPU.ActiveCfg = Release|Any CPU
		{18B9D16A-408E-4B53-B63E-CD47C3F3AEFA}.Release|Any CPU.Build.0 = Release|Any CPU
	EndGlobalSection
	GlobalSection(SolutionProperties) = preSolution
		HideSolutionNode = FALSE
	EndGlobalSection
	GlobalSection(ExtensibilityGlobals) = postSolution
		SolutionGuid = {E2CF3826-7C13-449A-B544-808179FDE99A}
	EndGlobalSection
EndGlobal
