
Microsoft Visual Studio Solution File, Format Version 12.00
# Visual Studio Version 16
VisualStudioVersion = 16.0.31424.327
MinimumVisualStudioVersion = 10.0.40219.1
Project("{FAE04EC0-301F-11D3-BF4B-00C04F79EFBC}") = "CodeSESH", "CodeSESH\CodeSESH.csproj", "{9993E070-BC56-4EF4-8690-D66338D0433A}"
EndProject
Global
	GlobalSection(SolutionConfigurationPlatforms) = preSolution
		Debug|Any CPU = Debug|Any CPU
		Release|Any CPU = Release|Any CPU
	EndGlobalSection
	GlobalSection(ProjectConfigurationPlatforms) = postSolution
		{9993E070-BC56-4EF4-8690-D66338D0433A}.Debug|Any CPU.ActiveCfg = Debug|Any CPU
		{9993E070-BC56-4EF4-8690-D66338D0433A}.Debug|Any CPU.Build.0 = Debug|Any CPU
		{9993E070-BC56-4EF4-8690-D66338D0433A}.Release|Any CPU.ActiveCfg = Release|Any CPU
		{9993E070-BC56-4EF4-8690-D66338D0433A}.Release|Any CPU.Build.0 = Release|Any CPU
	EndGlobalSection
	GlobalSection(SolutionProperties) = preSolution
		HideSolutionNode = FALSE
	EndGlobalSection
	GlobalSection(ExtensibilityGlobals) = postSolution
		SolutionGuid = {63F9ECB8-8E79-4399-A4E7-B7B1434CAC50}
	EndGlobalSection
EndGlobal
